
Microsoft Visual Studio Solution File, Format Version 12.00
# Visual Studio Version 16
VisualStudioVersion = 16.0.30523.141
MinimumVisualStudioVersion = 10.0.40219.1
Project("{FAE04EC0-301F-11D3-BF4B-00C04F79EFBC}") = "IFS12E", "IFS12E\IFS12E.csproj", "{32ABD7B2-D6CD-4AA0-A384-53355B0D8CF9}"
EndProject
Global
	GlobalSection(SolutionConfigurationPlatforms) = preSolution
		Debug|Any CPU = Debug|Any CPU
		Release|Any CPU = Release|Any CPU
	EndGlobalSection
	GlobalSection(ProjectConfigurationPlatforms) = postSolution
		{32ABD7B2-D6CD-4AA0-A384-53355B0D8CF9}.Debug|Any CPU.ActiveCfg = Debug|Any CPU
		{32ABD7B2-D6CD-4AA0-A384-53355B0D8CF9}.Debug|Any CPU.Build.0 = Debug|Any CPU
		{32ABD7B2-D6CD-4AA0-A384-53355B0D8CF9}.Release|Any CPU.ActiveCfg = Release|Any CPU
		{32ABD7B2-D6CD-4AA0-A384-53355B0D8CF9}.Release|Any CPU.Build.0 = Release|Any CPU
	EndGlobalSection
	GlobalSection(SolutionProperties) = preSolution
		HideSolutionNode = FALSE
	EndGlobalSection
	GlobalSection(ExtensibilityGlobals) = postSolution
		SolutionGuid = {194A9013-DCEB-448D-B9DF-FD99F2435A8D}
	EndGlobalSection
EndGlobal
